
Microsoft Visual Studio Solution File, Format Version 12.00
# Visual Studio Version 17
VisualStudioVersion = 17.3.32922.545
MinimumVisualStudioVersion = 10.0.40219.1
Project("{FAE04EC0-301F-11D3-BF4B-00C04F79EFBC}") = "Rutas-Senderismo-Hito2", "Rutas-Senderismo-Hito2\Rutas-Senderismo-Hito2.csproj", "{13DEAE0C-7CAD-41C8-BEBB-83DE6960DCCD}"
EndProject
Global
	GlobalSection(SolutionConfigurationPlatforms) = preSolution
		Debug|Any CPU = Debug|Any CPU
		Release|Any CPU = Release|Any CPU
	EndGlobalSection
	GlobalSection(ProjectConfigurationPlatforms) = postSolution
		{13DEAE0C-7CAD-41C8-BEBB-83DE6960DCCD}.Debug|Any CPU.ActiveCfg = Debug|Any CPU
		{13DEAE0C-7CAD-41C8-BEBB-83DE6960DCCD}.Debug|Any CPU.Build.0 = Debug|Any CPU
		{13DEAE0C-7CAD-41C8-BEBB-83DE6960DCCD}.Release|Any CPU.ActiveCfg = Release|Any CPU
		{13DEAE0C-7CAD-41C8-BEBB-83DE6960DCCD}.Release|Any CPU.Build.0 = Release|Any CPU
	EndGlobalSection
	GlobalSection(SolutionProperties) = preSolution
		HideSolutionNode = FALSE
	EndGlobalSection
	GlobalSection(ExtensibilityGlobals) = postSolution
		SolutionGuid = {E33AC123-C494-422A-AFF1-A00319A6C89C}
	EndGlobalSection
EndGlobal
